// !$*UTF8*$!
{
	archiveVersion = 1;
	classes = {
	};
	objectVersion = 50;
	objects = {

/* Begin PBXBuildFile section */
		BF77A99F26C64F4B00CC4D60 /* AppDelegate.swift in Sources */ = {isa = PBXBuildFile; fileRef = BF77A99E26C64F4B00CC4D60 /* AppDelegate.swift */; };
		BF77A9A126C64F4B00CC4D60 /* SceneDelegate.swift in Sources */ = {isa = PBXBuildFile; fileRef = BF77A9A026C64F4B00CC4D60 /* SceneDelegate.swift */; };
		BF77A9A326C64F4B00CC4D60 /* ViewController.swift in Sources */ = {isa = PBXBuildFile; fileRef = BF77A9A226C64F4B00CC4D60 /* ViewController.swift */; };
		BF77A9A626C64F4B00CC4D60 /* Main.storyboard in Resources */ = {isa = PBXBuildFile; fileRef = BF77A9A426C64F4B00CC4D60 /* Main.storyboard */; };
		BF77A9A826C64F4D00CC4D60 /* Assets.xcassets in Resources */ = {isa = PBXBuildFile; fileRef = BF77A9A726C64F4D00CC4D60 /* Assets.xcassets */; };
		BF77A9AB26C64F4D00CC4D60 /* LaunchScreen.storyboard in Resources */ = {isa = PBXBuildFile; fileRef = BF77A9A926C64F4D00CC4D60 /* LaunchScreen.storyboard */; };
/* End PBXBuildFile section */

/* Begin PBXFileReference section */
		BF77A99B26C64F4B00CC4D60 /* libtomcrypt-ios.app */ = {isa = PBXFileReference; explicitFileType = wrapper.application; includeInIndex = 0; path = "libtomcrypt-ios.app"; sourceTree = BUILT_PRODUCTS_DIR; };
		BF77A99E26C64F4B00CC4D60 /* AppDelegate.swift */ = {isa = PBXFileReference; lastKnownFileType = sourcecode.swift; path = AppDelegate.swift; sourceTree = "<group>"; };
		BF77A9A026C64F4B00CC4D60 /* SceneDelegate.swift */ = {isa = PBXFileReference; lastKnownFileType = sourcecode.swift; path = SceneDelegate.swift; sourceTree = "<group>"; };
		BF77A9A226C64F4B00CC4D60 /* ViewController.swift */ = {isa = PBXFileReference; lastKnownFileType = sourcecode.swift; path = ViewController.swift; sourceTree = "<group>"; };
		BF77A9A526C64F4B00CC4D60 /* Base */ = {isa = PBXFileReference; lastKnownFileType = file.storyboard; name = Base; path = Base.lproj/Main.storyboard; sourceTree = "<group>"; };
		BF77A9A726C64F4D00CC4D60 /* Assets.xcassets */ = {isa = PBXFileReference; lastKnownFileType = folder.assetcatalog; path = Assets.xcassets; sourceTree = "<group>"; };
		BF77A9AA26C64F4D00CC4D60 /* Base */ = {isa = PBXFileReference; lastKnownFileType = file.storyboard; name = Base; path = Base.lproj/LaunchScreen.storyboard; sourceTree = "<group>"; };
		BF77A9AC26C64F4D00CC4D60 /* Info.plist */ = {isa = PBXFileReference; lastKnownFileType = text.plist.xml; path = Info.plist; sourceTree = "<group>"; };
/* End PBXFileReference section */

/* Begin PBXFrameworksBuildPhase section */
		BF77A99826C64F4B00CC4D60 /* Frameworks */ = {
			isa = PBXFrameworksBuildPhase;
			buildActionMask = 2147483647;
			files = (
			);
			runOnlyForDeploymentPostprocessing = 0;
		};
/* End PBXFrameworksBuildPhase section */

/* Begin PBXGroup section */
		BF77A99226C64F4B00CC4D60 = {
			isa = PBXGroup;
			children = (
				BF77A99D26C64F4B00CC4D60 /* libtomcrypt-ios */,
				BF77A99C26C64F4B00CC4D60 /* Products */,
			);
			sourceTree = "<group>";
		};
		BF77A99C26C64F4B00CC4D60 /* Products */ = {
			isa = PBXGroup;
			children = (
				BF77A99B26C64F4B00CC4D60 /* libtomcrypt-ios.app */,
			);
			name = Products;
			sourceTree = "<group>";
		};
		BF77A99D26C64F4B00CC4D60 /* libtomcrypt-ios */ = {
			isa = PBXGroup;
			children = (
				BF77A99E26C64F4B00CC4D60 /* AppDelegate.swift */,
				BF77A9A026C64F4B00CC4D60 /* SceneDelegate.swift */,
				BF77A9A226C64F4B00CC4D60 /* ViewController.swift */,
				BF77A9A426C64F4B00CC4D60 /* Main.storyboard */,
				BF77A9A726C64F4D00CC4D60 /* Assets.xcassets */,
				BF77A9A926C64F4D00CC4D60 /* LaunchScreen.storyboard */,
				BF77A9AC26C64F4D00CC4D60 /* Info.plist */,
			);
			path = "libtomcrypt-ios";
			sourceTree = "<group>";
		};
/* End PBXGroup section */

/* Begin PBXNativeTarget section */
		BF77A99A26C64F4B00CC4D60 /* libtomcrypt-ios */ = {
			isa = PBXNativeTarget;
			buildConfigurationList = BF77A9AF26C64F4D00CC4D60 /* Build configuration list for PBXNativeTarget "libtomcrypt-ios" */;
			buildPhases = (
				BF77A99726C64F4B00CC4D60 /* Sources */,
				BF77A99826C64F4B00CC4D60 /* Frameworks */,
				BF77A99926C64F4B00CC4D60 /* Resources */,
			);
			buildRules = (
			);
			dependencies = (
			);
			name = "libtomcrypt-ios";
			productName = "libtomcrypt-ios";
			productReference = BF77A99B26C64F4B00CC4D60 /* libtomcrypt-ios.app */;
			productType = "com.apple.product-type.application";
		};
/* End PBXNativeTarget section */

/* Begin PBXProject section */
		BF77A99326C64F4B00CC4D60 /* Project object */ = {
			isa = PBXProject;
			attributes = {
				LastSwiftUpdateCheck = 1250;
				LastUpgradeCheck = 1250;
				TargetAttributes = {
					BF77A99A26C64F4B00CC4D60 = {
						CreatedOnToolsVersion = 12.5.1;
					};
				};
			};
			buildConfigurationList = BF77A99626C64F4B00CC4D60 /* Build configuration list for PBXProject "libtomcrypt-ios" */;
			compatibilityVersion = "Xcode 9.3";
			developmentRegion = en;
			hasScannedForEncodings = 0;
			knownRegions = (
				en,
				Base,
			);
			mainGroup = BF77A99226C64F4B00CC4D60;
			productRefGroup = BF77A99C26C64F4B00CC4D60 /* Products */;
			projectDirPath = "";
			projectRoot = "";
			targets = (
				BF77A99A26C64F4B00CC4D60 /* libtomcrypt-ios */,
			);
		};
/* End PBXProject section */

/* Begin PBXResourcesBuildPhase section */
		BF77A99926C64F4B00CC4D60 /* Resources */ = {
			isa = PBXResourcesBuildPhase;
			buildActionMask = 2147483647;
			files = (
				BF77A9AB26C64F4D00CC4D60 /* LaunchScreen.storyboard in Resources */,
				BF77A9A826C64F4D00CC4D60 /* Assets.xcassets in Resources */,
				BF77A9A626C64F4B00CC4D60 /* Main.storyboard in Resources */,
			);
			runOnlyForDeploymentPostprocessing = 0;
		};
/* End PBXResourcesBuildPhase section */

/* Begin PBXSourcesBuildPhase section */
		BF77A99726C64F4B00CC4D60 /* Sources */ = {
			isa = PBXSourcesBuildPhase;
			buildActionMask = 2147483647;
			files = (
				BF77A9A326C64F4B00CC4D60 /* ViewController.swift in Sources */,
				BF77A99F26C64F4B00CC4D60 /* AppDelegate.swift in Sources */,
				BF77A9A126C64F4B00CC4D60 /* SceneDelegate.swift in Sources */,
			);
			runOnlyForDeploymentPostprocessing = 0;
		};
/* End PBXSourcesBuildPhase section */

/* Begin PBXVariantGroup section */
		BF77A9A426C64F4B00CC4D60 /* Main.storyboard */ = {
			isa = PBXVariantGroup;
			children = (
				BF77A9A526C64F4B00CC4D60 /* Base */,
			);
			name = Main.storyboard;
			sourceTree = "<group>";
		};
		BF77A9A926C64F4D00CC4D60 /* LaunchScreen.storyboard */ = {
			isa = PBXVariantGroup;
			children = (
				BF77A9AA26C64F4D00CC4D60 /* Base */,
			);
			name = LaunchScreen.storyboard;
			sourceTree = "<group>";
		};
/* End PBXVariantGroup section */

/* Begin XCBuildConfiguration section */
		BF77A9AD26C64F4D00CC4D60 /* Debug */ = {
			isa = XCBuildConfiguration;
			buildSettings = {
				ALWAYS_SEARCH_USER_PATHS = NO;
				CLANG_ANALYZER_NONNULL = YES;
				CLANG_ANALYZER_NUMBER_OBJECT_CONVERSION = YES_AGGRESSIVE;
				CLANG_CXX_LANGUAGE_STANDARD = "gnu++14";
				CLANG_CXX_LIBRARY = "libc++";
				CLANG_ENABLE_MODULES = YES;
				CLANG_ENABLE_OBJC_ARC = YES;
				CLANG_ENABLE_OBJC_WEAK = YES;
				CLANG_WARN_BLOCK_CAPTURE_AUTORELEASING = YES;
				CLANG_WARN_BOOL_CONVERSION = YES;
				CLANG_WARN_COMMA = YES;
				CLANG_WARN_CONSTANT_CONVERSION = YES;
				CLANG_WARN_DEPRECATED_OBJC_IMPLEMENTATIONS = YES;
				CLANG_WARN_DIRECT_OBJC_ISA_USAGE = YES_ERROR;
				CLANG_WARN_DOCUMENTATION_COMMENTS = YES;
				CLANG_WARN_EMPTY_BODY = YES;
				CLANG_WARN_ENUM_CONVERSION = YES;
				CLANG_WARN_INFINITE_RECURSION = YES;
				CLANG_WARN_INT_CONVERSION = YES;
				CLANG_WARN_NON_LITERAL_NULL_CONVERSION = YES;
				CLANG_WARN_OBJC_IMPLICIT_RETAIN_SELF = YES;
				CLANG_WARN_OBJC_LITERAL_CONVERSION = YES;
				CLANG_WARN_OBJC_ROOT_CLASS = YES_ERROR;
				CLANG_WARN_QUOTED_INCLUDE_IN_FRAMEWORK_HEADER = YES;
				CLANG_WARN_RANGE_LOOP_ANALYSIS = YES;
				CLANG_WARN_STRICT_PROTOTYPES = YES;
				CLANG_WARN_SUSPICIOUS_MOVE = YES;
				CLANG_WARN_UNGUARDED_AVAILABILITY = YES_AGGRESSIVE;
				CLANG_WARN_UNREACHABLE_CODE = YES;
				CLANG_WARN__DUPLICATE_METHOD_MATCH = YES;
				COPY_PHASE_STRIP = NO;
				DEBUG_INFORMATION_FORMAT = dwarf;
				ENABLE_STRICT_OBJC_MSGSEND = YES;
				ENABLE_TESTABILITY = YES;
				GCC_C_LANGUAGE_STANDARD = gnu11;
				GCC_DYNAMIC_NO_PIC = NO;
				GCC_NO_COMMON_BLOCKS = YES;
				GCC_OPTIMIZATION_LEVEL = 0;
				GCC_PREPROCESSOR_DEFINITIONS = (
					"DEBUG=1",
					"$(inherited)",
				);
				GCC_WARN_64_TO_32_BIT_CONVERSION = YES;
				GCC_WARN_ABOUT_RETURN_TYPE = YES_ERROR;
				GCC_WARN_UNDECLARED_SELECTOR = YES;
				GCC_WARN_UNINITIALIZED_AUTOS = YES_AGGRESSIVE;
				GCC_WARN_UNUSED_FUNCTION = YES;
				GCC_WARN_UNUSED_VARIABLE = YES;
				IPHONEOS_DEPLOYMENT_TARGET = 14.5;
				MTL_ENABLE_DEBUG_INFO = INCLUDE_SOURCE;
				MTL_FAST_MATH = YES;
				ONLY_ACTIVE_ARCH = YES;
				SDKROOT = iphoneos;
				SWIFT_ACTIVE_COMPILATION_CONDITIONS = DEBUG;
				SWIFT_OPTIMIZATION_LEVEL = "-Onone";
			};
			name = Debug;
		};
		BF77A9AE26C64F4D00CC4D60 /* Release */ = {
			isa = XCBuildConfiguration;
			buildSettings = {
				ALWAYS_SEARCH_USER_PATHS = NO;
				CLANG_ANALYZER_NONNULL = YES;
				CLANG_ANALYZER_NUMBER_OBJECT_CONVERSION = YES_AGGRESSIVE;
				CLANG_CXX_LANGUAGE_STANDARD = "gnu++14";
				CLANG_CXX_LIBRARY = "libc++";
				CLANG_ENABLE_MODULES = YES;
				CLANG_ENABLE_OBJC_ARC = YES;
				CLANG_ENABLE_OBJC_WEAK = YES;
				CLANG_WARN_BLOCK_CAPTURE_AUTORELEASING = YES;
				CLANG_WARN_BOOL_CONVERSION = YES;
				CLANG_WARN_COMMA = YES;
				CLANG_WARN_CONSTANT_CONVERSION = YES;
				CLANG_WARN_DEPRECATED_OBJC_IMPLEMENTATIONS = YES;
				CLANG_WARN_DIRECT_OBJC_ISA_USAGE = YES_ERROR;
				CLANG_WARN_DOCUMENTATION_COMMENTS = YES;
				CLANG_WARN_EMPTY_BODY = YES;
				CLANG_WARN_ENUM_CONVERSION = YES;
				CLANG_WARN_INFINITE_RECURSION = YES;
				CLANG_WARN_INT_CONVERSION = YES;
				CLANG_WARN_NON_LITERAL_NULL_CONVERSION = YES;
				CLANG_WARN_OBJC_IMPLICIT_RETAIN_SELF = YES;
				CLANG_WARN_OBJC_LITERAL_CONVERSION = YES;
				CLANG_WARN_OBJC_ROOT_CLASS = YES_ERROR;
				CLANG_WARN_QUOTED_INCLUDE_IN_FRAMEWORK_HEADER = YES;
				CLANG_WARN_RANGE_LOOP_ANALYSIS = YES;
				CLANG_WARN_STRICT_PROTOTYPES = YES;
				CLANG_WARN_SUSPICIOUS_MOVE = YES;
				CLANG_WARN_UNGUARDED_AVAILABILITY = YES_AGGRESSIVE;
				CLANG_WARN_UNREACHABLE_CODE = YES;
				CLANG_WARN__DUPLICATE_METHOD_MATCH = YES;
				COPY_PHASE_STRIP = NO;
				DEBUG_INFORMATION_FORMAT = "dwarf-with-dsym";
				ENABLE_NS_ASSERTIONS = NO;
				ENABLE_STRICT_OBJC_MSGSEND = YES;
				GCC_C_LANGUAGE_STANDARD = gnu11;
				GCC_NO_COMMON_BLOCKS = YES;
				GCC_WARN_64_TO_32_BIT_CONVERSION = YES;
				GCC_WARN_ABOUT_RETURN_TYPE = YES_ERROR;
				GCC_WARN_UNDECLARED_SELECTOR = YES;
				GCC_WARN_UNINITIALIZED_AUTOS = YES_AGGRESSIVE;
				GCC_WARN_UNUSED_FUNCTION = YES;
				GCC_WARN_UNUSED_VARIABLE = YES;
				IPHONEOS_DEPLOYMENT_TARGET = 14.5;
				MTL_ENABLE_DEBUG_INFO = NO;
				MTL_FAST_MATH = YES;
				SDKROOT = iphoneos;
				SWIFT_COMPILATION_MODE = wholemodule;
				SWIFT_OPTIMIZATION_LEVEL = "-O";
				VALIDATE_PRODUCT = YES;
			};
			name = Release;
		};
		BF77A9B026C64F4D00CC4D60 /* Debug */ = {
			isa = XCBuildConfiguration;
			buildSettings = {
				ASSETCATALOG_COMPILER_APPICON_NAME = AppIcon;
				ASSETCATALOG_COMPILER_GLOBAL_ACCENT_COLOR_NAME = AccentColor;
				CODE_SIGN_STYLE = Automatic;
				INFOPLIST_FILE = "libtomcrypt-ios/Info.plist";
				LD_RUNPATH_SEARCH_PATHS = (
					"$(inherited)",
					"@executable_path/Frameworks",
				);
				PRODUCT_BUNDLE_IDENTIFIER = "com.galaxy.libtomcrypt-ios";
				PRODUCT_NAME = "$(TARGET_NAME)";
				SWIFT_VERSION = 5.0;
				TARGETED_DEVICE_FAMILY = "1,2";
			};
			name = Debug;
		};
		BF77A9B126C64F4D00CC4D60 /* Release */ = {
			isa = XCBuildConfiguration;
			buildSettings = {
				ASSETCATALOG_COMPILER_APPICON_NAME = AppIcon;
				ASSETCATALOG_COMPILER_GLOBAL_ACCENT_COLOR_NAME = AccentColor;
				CODE_SIGN_STYLE = Automatic;
				INFOPLIST_FILE = "libtomcrypt-ios/Info.plist";
				LD_RUNPATH_SEARCH_PATHS = (
					"$(inherited)",
					"@executable_path/Frameworks",
				);
				PRODUCT_BUNDLE_IDENTIFIER = "com.galaxy.libtomcrypt-ios";
				PRODUCT_NAME = "$(TARGET_NAME)";
				SWIFT_VERSION = 5.0;
				TARGETED_DEVICE_FAMILY = "1,2";
			};
			name = Release;
		};
/* End XCBuildConfiguration section */

/* Begin XCConfigurationList section */
		BF77A99626C64F4B00CC4D60 /* Build configuration list for PBXProject "libtomcrypt-ios" */ = {
			isa = XCConfigurationList;
			buildConfigurations = (
				BF77A9AD26C64F4D00CC4D60 /* Debug */,
				BF77A9AE26C64F4D00CC4D60 /* Release */,
			);
			defaultConfigurationIsVisible = 0;
			defaultConfigurationName = Release;
		};
		BF77A9AF26C64F4D00CC4D60 /* Build configuration list for PBXNativeTarget "libtomcrypt-ios" */ = {
			isa = XCConfigurationList;
			buildConfigurations = (
				BF77A9B026C64F4D00CC4D60 /* Debug */,
				BF77A9B126C64F4D00CC4D60 /* Release */,
			);
			defaultConfigurationIsVisible = 0;
			defaultConfigurationName = Release;
		};
/* End XCConfigurationList section */
	};
	rootObject = BF77A99326C64F4B00CC4D60 /* Project object */;
}
